
Microsoft Visual Studio Solution File, Format Version 12.00
# Visual Studio Version 16
VisualStudioVersion = 16.0.808.8
MinimumVisualStudioVersion = 10.0.40219.1
Project("{FAE04EC0-301F-11D3-BF4B-00C04F79EFBC}") = "ProjectLib", "ProjectLib\ProjectLib.csproj", "{AA740598-2FD4-405C-8970-466EB43FCCC3}"
EndProject
Project("{FAE04EC0-301F-11D3-BF4B-00C04F79EFBC}") = "ProjectManagement", "ProjectManagement\ProjectManagement.csproj", "{0D89196F-E203-454D-AEEB-4E4A017472AB}"
EndProject
Global
	GlobalSection(SolutionConfigurationPlatforms) = preSolution
		Debug|Any CPU = Debug|Any CPU
		Release|Any CPU = Release|Any CPU
	EndGlobalSection
	GlobalSection(ProjectConfigurationPlatforms) = postSolution
		{AA740598-2FD4-405C-8970-466EB43FCCC3}.Debug|Any CPU.ActiveCfg = Debug|Any CPU
		{AA740598-2FD4-405C-8970-466EB43FCCC3}.Debug|Any CPU.Build.0 = Debug|Any CPU
		{AA740598-2FD4-405C-8970-466EB43FCCC3}.Release|Any CPU.ActiveCfg = Release|Any CPU
		{AA740598-2FD4-405C-8970-466EB43FCCC3}.Release|Any CPU.Build.0 = Release|Any CPU
		{0D89196F-E203-454D-AEEB-4E4A017472AB}.Debug|Any CPU.ActiveCfg = Debug|Any CPU
		{0D89196F-E203-454D-AEEB-4E4A017472AB}.Debug|Any CPU.Build.0 = Debug|Any CPU
		{0D89196F-E203-454D-AEEB-4E4A017472AB}.Release|Any CPU.ActiveCfg = Release|Any CPU
		{0D89196F-E203-454D-AEEB-4E4A017472AB}.Release|Any CPU.Build.0 = Release|Any CPU
	EndGlobalSection
	GlobalSection(SolutionProperties) = preSolution
		HideSolutionNode = FALSE
	EndGlobalSection
	GlobalSection(ExtensibilityGlobals) = postSolution
		SolutionGuid = {87B85C35-519E-4DB1-85EE-DA546EA9835C}
	EndGlobalSection
EndGlobal
