
Microsoft Visual Studio Solution File, Format Version 12.00
# Visual Studio 15
Project("{FAE04EC0-301F-11D3-BF4B-00C04F79EFBC}") = "Yandex_contest", "Yandex_contest\Yandex_contest.csproj", "{1E211F24-F668-43DD-84D2-D07FDA4DCE05}"
EndProject
Project("{FAE04EC0-301F-11D3-BF4B-00C04F79EFBC}") = "J", "J\J.csproj", "{7926F4E1-70F0-4CA7-B3EC-D5C752F0FCE3}"
EndProject
Global
	GlobalSection(SolutionConfigurationPlatforms) = preSolution
		Debug|Any CPU = Debug|Any CPU
		Release|Any CPU = Release|Any CPU
	EndGlobalSection
	GlobalSection(ProjectConfigurationPlatforms) = postSolution
		{1E211F24-F668-43DD-84D2-D07FDA4DCE05}.Debug|Any CPU.ActiveCfg = Debug|Any CPU
		{1E211F24-F668-43DD-84D2-D07FDA4DCE05}.Debug|Any CPU.Build.0 = Debug|Any CPU
		{1E211F24-F668-43DD-84D2-D07FDA4DCE05}.Release|Any CPU.ActiveCfg = Release|Any CPU
		{1E211F24-F668-43DD-84D2-D07FDA4DCE05}.Release|Any CPU.Build.0 = Release|Any CPU
		{7926F4E1-70F0-4CA7-B3EC-D5C752F0FCE3}.Debug|Any CPU.ActiveCfg = Debug|Any CPU
		{7926F4E1-70F0-4CA7-B3EC-D5C752F0FCE3}.Debug|Any CPU.Build.0 = Debug|Any CPU
		{7926F4E1-70F0-4CA7-B3EC-D5C752F0FCE3}.Release|Any CPU.ActiveCfg = Release|Any CPU
		{7926F4E1-70F0-4CA7-B3EC-D5C752F0FCE3}.Release|Any CPU.Build.0 = Release|Any CPU
	EndGlobalSection
EndGlobal
