
Microsoft Visual Studio Solution File, Format Version 12.00
# Visual Studio 15
Project("{FAE04EC0-301F-11D3-BF4B-00C04F79EFBC}") = "Task_A", "Yandex_contest_03\Task_A.csproj", "{9689C230-FC96-4C0F-8F7F-263F7305F20F}"
EndProject
Project("{FAE04EC0-301F-11D3-BF4B-00C04F79EFBC}") = "Task_B", "Task_B\Task_B.csproj", "{122DC172-92F2-4DE9-A05A-17D4BB732DBD}"
EndProject
Project("{FAE04EC0-301F-11D3-BF4B-00C04F79EFBC}") = "Task_C", "Task_C\Task_C.csproj", "{1F042902-4B0B-438B-B299-273C4FBB8E36}"
EndProject
Project("{FAE04EC0-301F-11D3-BF4B-00C04F79EFBC}") = "Task_D", "Task_D\Task_D.csproj", "{24758829-1656-4ECE-AE23-F9676DD78FC1}"
EndProject
Project("{FAE04EC0-301F-11D3-BF4B-00C04F79EFBC}") = "Task_E", "Task_E\Task_E.csproj", "{EECAE38D-B722-42EF-900A-89CE95BBC3FB}"
EndProject
Project("{FAE04EC0-301F-11D3-BF4B-00C04F79EFBC}") = "Task_F", "Task_F\Task_F.csproj", "{CABDCEDA-94D2-4C79-832C-F629FBAA3EB0}"
EndProject
Project("{FAE04EC0-301F-11D3-BF4B-00C04F79EFBC}") = "Task_G", "Task_G\Task_G.csproj", "{949AD5BE-D787-48C3-AE8E-6E937C7C6572}"
EndProject
Project("{FAE04EC0-301F-11D3-BF4B-00C04F79EFBC}") = "Task_H", "Task_H\Task_H.csproj", "{1CDEDD17-9C12-4922-9146-A41FD69390CF}"
EndProject
Project("{FAE04EC0-301F-11D3-BF4B-00C04F79EFBC}") = "Task_I", "Task_I\Task_I.csproj", "{7E5FA4E9-DABE-4629-9D72-7D34B6BE06A8}"
EndProject
Project("{FAE04EC0-301F-11D3-BF4B-00C04F79EFBC}") = "Task_A_2", "Task_A_2\Task_A_2.csproj", "{3A76D87F-282C-44E6-878E-777735FE5590}"
EndProject
Project("{FAE04EC0-301F-11D3-BF4B-00C04F79EFBC}") = "Task_J", "Task_J\Task_J.csproj", "{97D1391F-7475-42B0-B53E-C339044CD1A7}"
EndProject
Project("{FAE04EC0-301F-11D3-BF4B-00C04F79EFBC}") = "Yask_I_2", "Yask_I_2\Yask_I_2.csproj", "{9D265EB5-91E6-42EE-8591-E2B58A08B2F2}"
EndProject
Global
	GlobalSection(SolutionConfigurationPlatforms) = preSolution
		Debug|Any CPU = Debug|Any CPU
		Release|Any CPU = Release|Any CPU
	EndGlobalSection
	GlobalSection(ProjectConfigurationPlatforms) = postSolution
		{9689C230-FC96-4C0F-8F7F-263F7305F20F}.Debug|Any CPU.ActiveCfg = Debug|Any CPU
		{9689C230-FC96-4C0F-8F7F-263F7305F20F}.Debug|Any CPU.Build.0 = Debug|Any CPU
		{9689C230-FC96-4C0F-8F7F-263F7305F20F}.Release|Any CPU.ActiveCfg = Release|Any CPU
		{9689C230-FC96-4C0F-8F7F-263F7305F20F}.Release|Any CPU.Build.0 = Release|Any CPU
		{122DC172-92F2-4DE9-A05A-17D4BB732DBD}.Debug|Any CPU.ActiveCfg = Debug|Any CPU
		{122DC172-92F2-4DE9-A05A-17D4BB732DBD}.Debug|Any CPU.Build.0 = Debug|Any CPU
		{122DC172-92F2-4DE9-A05A-17D4BB732DBD}.Release|Any CPU.ActiveCfg = Release|Any CPU
		{122DC172-92F2-4DE9-A05A-17D4BB732DBD}.Release|Any CPU.Build.0 = Release|Any CPU
		{1F042902-4B0B-438B-B299-273C4FBB8E36}.Debug|Any CPU.ActiveCfg = Debug|Any CPU
		{1F042902-4B0B-438B-B299-273C4FBB8E36}.Debug|Any CPU.Build.0 = Debug|Any CPU
		{1F042902-4B0B-438B-B299-273C4FBB8E36}.Release|Any CPU.ActiveCfg = Release|Any CPU
		{1F042902-4B0B-438B-B299-273C4FBB8E36}.Release|Any CPU.Build.0 = Release|Any CPU
		{24758829-1656-4ECE-AE23-F9676DD78FC1}.Debug|Any CPU.ActiveCfg = Debug|Any CPU
		{24758829-1656-4ECE-AE23-F9676DD78FC1}.Debug|Any CPU.Build.0 = Debug|Any CPU
		{24758829-1656-4ECE-AE23-F9676DD78FC1}.Release|Any CPU.ActiveCfg = Release|Any CPU
		{24758829-1656-4ECE-AE23-F9676DD78FC1}.Release|Any CPU.Build.0 = Release|Any CPU
		{EECAE38D-B722-42EF-900A-89CE95BBC3FB}.Debug|Any CPU.ActiveCfg = Debug|Any CPU
		{EECAE38D-B722-42EF-900A-89CE95BBC3FB}.Debug|Any CPU.Build.0 = Debug|Any CPU
		{EECAE38D-B722-42EF-900A-89CE95BBC3FB}.Release|Any CPU.ActiveCfg = Release|Any CPU
		{EECAE38D-B722-42EF-900A-89CE95BBC3FB}.Release|Any CPU.Build.0 = Release|Any CPU
		{CABDCEDA-94D2-4C79-832C-F629FBAA3EB0}.Debug|Any CPU.ActiveCfg = Debug|Any CPU
		{CABDCEDA-94D2-4C79-832C-F629FBAA3EB0}.Debug|Any CPU.Build.0 = Debug|Any CPU
		{CABDCEDA-94D2-4C79-832C-F629FBAA3EB0}.Release|Any CPU.ActiveCfg = Release|Any CPU
		{CABDCEDA-94D2-4C79-832C-F629FBAA3EB0}.Release|Any CPU.Build.0 = Release|Any CPU
		{949AD5BE-D787-48C3-AE8E-6E937C7C6572}.Debug|Any CPU.ActiveCfg = Debug|Any CPU
		{949AD5BE-D787-48C3-AE8E-6E937C7C6572}.Debug|Any CPU.Build.0 = Debug|Any CPU
		{949AD5BE-D787-48C3-AE8E-6E937C7C6572}.Release|Any CPU.ActiveCfg = Release|Any CPU
		{949AD5BE-D787-48C3-AE8E-6E937C7C6572}.Release|Any CPU.Build.0 = Release|Any CPU
		{1CDEDD17-9C12-4922-9146-A41FD69390CF}.Debug|Any CPU.ActiveCfg = Debug|Any CPU
		{1CDEDD17-9C12-4922-9146-A41FD69390CF}.Debug|Any CPU.Build.0 = Debug|Any CPU
		{1CDEDD17-9C12-4922-9146-A41FD69390CF}.Release|Any CPU.ActiveCfg = Release|Any CPU
		{1CDEDD17-9C12-4922-9146-A41FD69390CF}.Release|Any CPU.Build.0 = Release|Any CPU
		{7E5FA4E9-DABE-4629-9D72-7D34B6BE06A8}.Debug|Any CPU.ActiveCfg = Debug|Any CPU
		{7E5FA4E9-DABE-4629-9D72-7D34B6BE06A8}.Debug|Any CPU.Build.0 = Debug|Any CPU
		{7E5FA4E9-DABE-4629-9D72-7D34B6BE06A8}.Release|Any CPU.ActiveCfg = Release|Any CPU
		{7E5FA4E9-DABE-4629-9D72-7D34B6BE06A8}.Release|Any CPU.Build.0 = Release|Any CPU
		{3A76D87F-282C-44E6-878E-777735FE5590}.Debug|Any CPU.ActiveCfg = Debug|Any CPU
		{3A76D87F-282C-44E6-878E-777735FE5590}.Debug|Any CPU.Build.0 = Debug|Any CPU
		{3A76D87F-282C-44E6-878E-777735FE5590}.Release|Any CPU.ActiveCfg = Release|Any CPU
		{3A76D87F-282C-44E6-878E-777735FE5590}.Release|Any CPU.Build.0 = Release|Any CPU
		{97D1391F-7475-42B0-B53E-C339044CD1A7}.Debug|Any CPU.ActiveCfg = Debug|Any CPU
		{97D1391F-7475-42B0-B53E-C339044CD1A7}.Debug|Any CPU.Build.0 = Debug|Any CPU
		{97D1391F-7475-42B0-B53E-C339044CD1A7}.Release|Any CPU.ActiveCfg = Release|Any CPU
		{97D1391F-7475-42B0-B53E-C339044CD1A7}.Release|Any CPU.Build.0 = Release|Any CPU
		{9D265EB5-91E6-42EE-8591-E2B58A08B2F2}.Debug|Any CPU.ActiveCfg = Debug|Any CPU
		{9D265EB5-91E6-42EE-8591-E2B58A08B2F2}.Debug|Any CPU.Build.0 = Debug|Any CPU
		{9D265EB5-91E6-42EE-8591-E2B58A08B2F2}.Release|Any CPU.ActiveCfg = Release|Any CPU
		{9D265EB5-91E6-42EE-8591-E2B58A08B2F2}.Release|Any CPU.Build.0 = Release|Any CPU
	EndGlobalSection
EndGlobal
