
Microsoft Visual Studio Solution File, Format Version 12.00
# Visual Studio Version 16
VisualStudioVersion = 16.0.808.4
MinimumVisualStudioVersion = 10.0.40219.1
Project("{FAE04EC0-301F-11D3-BF4B-00C04F79EFBC}") = "TipCalculator", "TipCalculator\TipCalculator.csproj", "{20EC1E23-1544-4070-83A6-0373544A752E}"
EndProject
Global
	GlobalSection(SolutionConfigurationPlatforms) = preSolution
		Debug|Any CPU = Debug|Any CPU
		Release|Any CPU = Release|Any CPU
	EndGlobalSection
	GlobalSection(ProjectConfigurationPlatforms) = postSolution
		{20EC1E23-1544-4070-83A6-0373544A752E}.Debug|Any CPU.ActiveCfg = Debug|Any CPU
		{20EC1E23-1544-4070-83A6-0373544A752E}.Debug|Any CPU.Build.0 = Debug|Any CPU
		{20EC1E23-1544-4070-83A6-0373544A752E}.Release|Any CPU.ActiveCfg = Release|Any CPU
		{20EC1E23-1544-4070-83A6-0373544A752E}.Release|Any CPU.Build.0 = Release|Any CPU
	EndGlobalSection
	GlobalSection(SolutionProperties) = preSolution
		HideSolutionNode = FALSE
	EndGlobalSection
	GlobalSection(ExtensibilityGlobals) = postSolution
		SolutionGuid = {50622DF8-2282-4A05-BDCB-7EA437F5B32D}
	EndGlobalSection
EndGlobal
