
Microsoft Visual Studio Solution File, Format Version 12.00
# Visual Studio 15
Project("{FAE04EC0-301F-11D3-BF4B-00C04F79EFBC}") = "Task_H", "Program_02\Task_H.csproj", "{0B90DB86-D1FE-4763-90A6-858BAE82B9DD}"
EndProject
Project("{FAE04EC0-301F-11D3-BF4B-00C04F79EFBC}") = "Task_A", "Task_A\Task_A.csproj", "{8AE1715B-09CE-4452-B40A-54517687CA9B}"
EndProject
Project("{FAE04EC0-301F-11D3-BF4B-00C04F79EFBC}") = "Task_B", "Task_B\Task_B.csproj", "{B69DE810-1643-4F9A-9D33-C51B42CC052F}"
EndProject
Project("{FAE04EC0-301F-11D3-BF4B-00C04F79EFBC}") = "Task_C", "Task_C\Task_C.csproj", "{A4FDDB6A-D708-483B-9BC8-EAC3CCDE28FA}"
EndProject
Project("{FAE04EC0-301F-11D3-BF4B-00C04F79EFBC}") = "Task_D", "Task_D\Task_D.csproj", "{64F4D0A8-2CBD-4D69-A11F-C70A975F64B5}"
EndProject
Project("{FAE04EC0-301F-11D3-BF4B-00C04F79EFBC}") = "Task_E", "TAsk_E\TAsk_E.csproj", "{EB3B36E2-B127-4CE8-AB66-54C7B096F389}"
EndProject
Project("{FAE04EC0-301F-11D3-BF4B-00C04F79EFBC}") = "Task_F", "Task_F\Task_F.csproj", "{5074B161-392B-4F45-970E-99FEDF93CAFA}"
EndProject
Project("{FAE04EC0-301F-11D3-BF4B-00C04F79EFBC}") = "Task_G", "Task_G\Task_G.csproj", "{E30FF8A3-08EE-46D8-BF0A-699C83121846}"
EndProject
Project("{FAE04EC0-301F-11D3-BF4B-00C04F79EFBC}") = "Task_I", "Task_I\Task_I.csproj", "{B4CF2467-B318-4631-A746-77A5A1FC9F1D}"
EndProject
Project("{FAE04EC0-301F-11D3-BF4B-00C04F79EFBC}") = "Task_J", "Task_J\Task_J.csproj", "{2EF58A1C-FFD8-41B1-8581-53289C683A61}"
EndProject
Global
	GlobalSection(SolutionConfigurationPlatforms) = preSolution
		Debug|Any CPU = Debug|Any CPU
		Release|Any CPU = Release|Any CPU
	EndGlobalSection
	GlobalSection(ProjectConfigurationPlatforms) = postSolution
		{0B90DB86-D1FE-4763-90A6-858BAE82B9DD}.Debug|Any CPU.ActiveCfg = Debug|Any CPU
		{0B90DB86-D1FE-4763-90A6-858BAE82B9DD}.Debug|Any CPU.Build.0 = Debug|Any CPU
		{0B90DB86-D1FE-4763-90A6-858BAE82B9DD}.Release|Any CPU.ActiveCfg = Release|Any CPU
		{0B90DB86-D1FE-4763-90A6-858BAE82B9DD}.Release|Any CPU.Build.0 = Release|Any CPU
		{8AE1715B-09CE-4452-B40A-54517687CA9B}.Debug|Any CPU.ActiveCfg = Debug|Any CPU
		{8AE1715B-09CE-4452-B40A-54517687CA9B}.Debug|Any CPU.Build.0 = Debug|Any CPU
		{8AE1715B-09CE-4452-B40A-54517687CA9B}.Release|Any CPU.ActiveCfg = Release|Any CPU
		{8AE1715B-09CE-4452-B40A-54517687CA9B}.Release|Any CPU.Build.0 = Release|Any CPU
		{B69DE810-1643-4F9A-9D33-C51B42CC052F}.Debug|Any CPU.ActiveCfg = Debug|Any CPU
		{B69DE810-1643-4F9A-9D33-C51B42CC052F}.Debug|Any CPU.Build.0 = Debug|Any CPU
		{B69DE810-1643-4F9A-9D33-C51B42CC052F}.Release|Any CPU.ActiveCfg = Release|Any CPU
		{B69DE810-1643-4F9A-9D33-C51B42CC052F}.Release|Any CPU.Build.0 = Release|Any CPU
		{A4FDDB6A-D708-483B-9BC8-EAC3CCDE28FA}.Debug|Any CPU.ActiveCfg = Debug|Any CPU
		{A4FDDB6A-D708-483B-9BC8-EAC3CCDE28FA}.Debug|Any CPU.Build.0 = Debug|Any CPU
		{A4FDDB6A-D708-483B-9BC8-EAC3CCDE28FA}.Release|Any CPU.ActiveCfg = Release|Any CPU
		{A4FDDB6A-D708-483B-9BC8-EAC3CCDE28FA}.Release|Any CPU.Build.0 = Release|Any CPU
		{64F4D0A8-2CBD-4D69-A11F-C70A975F64B5}.Debug|Any CPU.ActiveCfg = Debug|Any CPU
		{64F4D0A8-2CBD-4D69-A11F-C70A975F64B5}.Debug|Any CPU.Build.0 = Debug|Any CPU
		{64F4D0A8-2CBD-4D69-A11F-C70A975F64B5}.Release|Any CPU.ActiveCfg = Release|Any CPU
		{64F4D0A8-2CBD-4D69-A11F-C70A975F64B5}.Release|Any CPU.Build.0 = Release|Any CPU
		{EB3B36E2-B127-4CE8-AB66-54C7B096F389}.Debug|Any CPU.ActiveCfg = Debug|Any CPU
		{EB3B36E2-B127-4CE8-AB66-54C7B096F389}.Debug|Any CPU.Build.0 = Debug|Any CPU
		{EB3B36E2-B127-4CE8-AB66-54C7B096F389}.Release|Any CPU.ActiveCfg = Release|Any CPU
		{EB3B36E2-B127-4CE8-AB66-54C7B096F389}.Release|Any CPU.Build.0 = Release|Any CPU
		{5074B161-392B-4F45-970E-99FEDF93CAFA}.Debug|Any CPU.ActiveCfg = Debug|Any CPU
		{5074B161-392B-4F45-970E-99FEDF93CAFA}.Debug|Any CPU.Build.0 = Debug|Any CPU
		{5074B161-392B-4F45-970E-99FEDF93CAFA}.Release|Any CPU.ActiveCfg = Release|Any CPU
		{5074B161-392B-4F45-970E-99FEDF93CAFA}.Release|Any CPU.Build.0 = Release|Any CPU
		{E30FF8A3-08EE-46D8-BF0A-699C83121846}.Debug|Any CPU.ActiveCfg = Debug|Any CPU
		{E30FF8A3-08EE-46D8-BF0A-699C83121846}.Debug|Any CPU.Build.0 = Debug|Any CPU
		{E30FF8A3-08EE-46D8-BF0A-699C83121846}.Release|Any CPU.ActiveCfg = Release|Any CPU
		{E30FF8A3-08EE-46D8-BF0A-699C83121846}.Release|Any CPU.Build.0 = Release|Any CPU
		{B4CF2467-B318-4631-A746-77A5A1FC9F1D}.Debug|Any CPU.ActiveCfg = Debug|Any CPU
		{B4CF2467-B318-4631-A746-77A5A1FC9F1D}.Debug|Any CPU.Build.0 = Debug|Any CPU
		{B4CF2467-B318-4631-A746-77A5A1FC9F1D}.Release|Any CPU.ActiveCfg = Release|Any CPU
		{B4CF2467-B318-4631-A746-77A5A1FC9F1D}.Release|Any CPU.Build.0 = Release|Any CPU
		{2EF58A1C-FFD8-41B1-8581-53289C683A61}.Debug|Any CPU.ActiveCfg = Debug|Any CPU
		{2EF58A1C-FFD8-41B1-8581-53289C683A61}.Debug|Any CPU.Build.0 = Debug|Any CPU
		{2EF58A1C-FFD8-41B1-8581-53289C683A61}.Release|Any CPU.ActiveCfg = Release|Any CPU
		{2EF58A1C-FFD8-41B1-8581-53289C683A61}.Release|Any CPU.Build.0 = Release|Any CPU
	EndGlobalSection
EndGlobal
